
Microsoft Visual Studio Solution File, Format Version 12.00
# Visual Studio Version 16
VisualStudioVersion = 25.0.1706.5
MinimumVisualStudioVersion = 10.0.40219.1
Project("{FAE04EC0-301F-11D3-BF4B-00C04F79EFBC}") = "DIS Assignment2", "DIS Assignment2\DIS Assignment2.csproj", "{A6DA04E9-4340-4F9C-AA61-4E8367370083}"
EndProject
Global
	GlobalSection(SolutionConfigurationPlatforms) = preSolution
		Debug|Any CPU = Debug|Any CPU
		Release|Any CPU = Release|Any CPU
	EndGlobalSection
	GlobalSection(ProjectConfigurationPlatforms) = postSolution
		{A6DA04E9-4340-4F9C-AA61-4E8367370083}.Debug|Any CPU.ActiveCfg = Debug|Any CPU
		{A6DA04E9-4340-4F9C-AA61-4E8367370083}.Debug|Any CPU.Build.0 = Debug|Any CPU
		{A6DA04E9-4340-4F9C-AA61-4E8367370083}.Release|Any CPU.ActiveCfg = Release|Any CPU
		{A6DA04E9-4340-4F9C-AA61-4E8367370083}.Release|Any CPU.Build.0 = Release|Any CPU
	EndGlobalSection
	GlobalSection(SolutionProperties) = preSolution
		HideSolutionNode = FALSE
	EndGlobalSection
	GlobalSection(ExtensibilityGlobals) = postSolution
		SolutionGuid = {3B0B36DA-4065-4BAB-A53B-E73E2456ABE2}
	EndGlobalSection
EndGlobal
